
Microsoft Visual Studio Solution File, Format Version 12.00
# Visual Studio Version 16
VisualStudioVersion = 16.0.31515.178
MinimumVisualStudioVersion = 10.0.40219.1
Project("{FAE04EC0-301F-11D3-BF4B-00C04F79EFBC}") = "UDP_Send", "UDP_Send\UDP_Send.csproj", "{3C6EF4E6-1A9D-45EB-8418-F2A72140725C}"
EndProject
Global
	GlobalSection(SolutionConfigurationPlatforms) = preSolution
		Debug|Any CPU = Debug|Any CPU
		Release|Any CPU = Release|Any CPU
	EndGlobalSection
	GlobalSection(ProjectConfigurationPlatforms) = postSolution
		{3C6EF4E6-1A9D-45EB-8418-F2A72140725C}.Debug|Any CPU.ActiveCfg = Debug|Any CPU
		{3C6EF4E6-1A9D-45EB-8418-F2A72140725C}.Debug|Any CPU.Build.0 = Debug|Any CPU
		{3C6EF4E6-1A9D-45EB-8418-F2A72140725C}.Release|Any CPU.ActiveCfg = Release|Any CPU
		{3C6EF4E6-1A9D-45EB-8418-F2A72140725C}.Release|Any CPU.Build.0 = Release|Any CPU
	EndGlobalSection
	GlobalSection(SolutionProperties) = preSolution
		HideSolutionNode = FALSE
	EndGlobalSection
	GlobalSection(ExtensibilityGlobals) = postSolution
		SolutionGuid = {765E7F0E-ED34-405E-92F1-ABB28EADD014}
	EndGlobalSection
EndGlobal
