
Microsoft Visual Studio Solution File, Format Version 12.00
# Visual Studio Version 16
VisualStudioVersion = 16.0.31205.134
MinimumVisualStudioVersion = 10.0.40219.1
Project("{FAE04EC0-301F-11D3-BF4B-00C04F79EFBC}") = "WinFormsFor", "WinFormsFor\WinFormsFor.csproj", "{FD8D6485-DFDD-4FF6-B879-988F2A879709}"
EndProject
Global
	GlobalSection(SolutionConfigurationPlatforms) = preSolution
		Debug|Any CPU = Debug|Any CPU
		Release|Any CPU = Release|Any CPU
	EndGlobalSection
	GlobalSection(ProjectConfigurationPlatforms) = postSolution
		{FD8D6485-DFDD-4FF6-B879-988F2A879709}.Debug|Any CPU.ActiveCfg = Debug|Any CPU
		{FD8D6485-DFDD-4FF6-B879-988F2A879709}.Debug|Any CPU.Build.0 = Debug|Any CPU
		{FD8D6485-DFDD-4FF6-B879-988F2A879709}.Release|Any CPU.ActiveCfg = Release|Any CPU
		{FD8D6485-DFDD-4FF6-B879-988F2A879709}.Release|Any CPU.Build.0 = Release|Any CPU
	EndGlobalSection
	GlobalSection(SolutionProperties) = preSolution
		HideSolutionNode = FALSE
	EndGlobalSection
	GlobalSection(ExtensibilityGlobals) = postSolution
		SolutionGuid = {9A12FE05-7559-4511-AFD5-49FC1E906B84}
	EndGlobalSection
EndGlobal
